
Microsoft Visual Studio Solution File, Format Version 12.00
# Visual Studio 15
VisualStudioVersion = 15.0.27428.2005
MinimumVisualStudioVersion = 10.0.40219.1
Project("{FAE04EC0-301F-11D3-BF4B-00C04F79EFBC}") = "CartesianTree", "CartesianTree\CartesianTree.csproj", "{B9664270-33E1-486A-A36E-36FD1FD54E0E}"
EndProject
Global
	GlobalSection(SolutionConfigurationPlatforms) = preSolution
		Debug|Any CPU = Debug|Any CPU
		Release|Any CPU = Release|Any CPU
	EndGlobalSection
	GlobalSection(ProjectConfigurationPlatforms) = postSolution
		{B9664270-33E1-486A-A36E-36FD1FD54E0E}.Debug|Any CPU.ActiveCfg = Debug|Any CPU
		{B9664270-33E1-486A-A36E-36FD1FD54E0E}.Debug|Any CPU.Build.0 = Debug|Any CPU
		{B9664270-33E1-486A-A36E-36FD1FD54E0E}.Release|Any CPU.ActiveCfg = Release|Any CPU
		{B9664270-33E1-486A-A36E-36FD1FD54E0E}.Release|Any CPU.Build.0 = Release|Any CPU
	EndGlobalSection
	GlobalSection(SolutionProperties) = preSolution
		HideSolutionNode = FALSE
	EndGlobalSection
	GlobalSection(ExtensibilityGlobals) = postSolution
		SolutionGuid = {0194CB9A-8D1B-4E50-93D0-F6BD86B5763C}
	EndGlobalSection
EndGlobal
